
Microsoft Visual Studio Solution File, Format Version 12.00
# Visual Studio Version 17
VisualStudioVersion = 17.10.34928.147
MinimumVisualStudioVersion = 10.0.40219.1
Project("{9A19103F-16F7-4668-BE54-9A1E7A4F7556}") = "RabbitMQ.CreateExcel", "RabbitMQ.CreateExcel\RabbitMQ.CreateExcel.csproj", "{BF1FCC73-2C32-48AF-8BDA-89B7812C7A47}"
EndProject
Project("{FAE04EC0-301F-11D3-BF4B-00C04F79EFBC}") = "Shared", "Shared\Shared.csproj", "{C2679497-DC1F-4BFC-B608-38608CE8F68B}"
EndProject
Project("{FAE04EC0-301F-11D3-BF4B-00C04F79EFBC}") = "FileCreateWorkerService", "FileCreateWorkerService\FileCreateWorkerService.csproj", "{97D74454-7D26-425E-8123-3603AED66709}"
EndProject
Global
	GlobalSection(SolutionConfigurationPlatforms) = preSolution
		Debug|Any CPU = Debug|Any CPU
		Release|Any CPU = Release|Any CPU
	EndGlobalSection
	GlobalSection(ProjectConfigurationPlatforms) = postSolution
		{BF1FCC73-2C32-48AF-8BDA-89B7812C7A47}.Debug|Any CPU.ActiveCfg = Debug|Any CPU
		{BF1FCC73-2C32-48AF-8BDA-89B7812C7A47}.Debug|Any CPU.Build.0 = Debug|Any CPU
		{BF1FCC73-2C32-48AF-8BDA-89B7812C7A47}.Release|Any CPU.ActiveCfg = Release|Any CPU
		{BF1FCC73-2C32-48AF-8BDA-89B7812C7A47}.Release|Any CPU.Build.0 = Release|Any CPU
		{C2679497-DC1F-4BFC-B608-38608CE8F68B}.Debug|Any CPU.ActiveCfg = Debug|Any CPU
		{C2679497-DC1F-4BFC-B608-38608CE8F68B}.Debug|Any CPU.Build.0 = Debug|Any CPU
		{C2679497-DC1F-4BFC-B608-38608CE8F68B}.Release|Any CPU.ActiveCfg = Release|Any CPU
		{C2679497-DC1F-4BFC-B608-38608CE8F68B}.Release|Any CPU.Build.0 = Release|Any CPU
		{97D74454-7D26-425E-8123-3603AED66709}.Debug|Any CPU.ActiveCfg = Debug|Any CPU
		{97D74454-7D26-425E-8123-3603AED66709}.Debug|Any CPU.Build.0 = Debug|Any CPU
		{97D74454-7D26-425E-8123-3603AED66709}.Release|Any CPU.ActiveCfg = Release|Any CPU
		{97D74454-7D26-425E-8123-3603AED66709}.Release|Any CPU.Build.0 = Release|Any CPU
	EndGlobalSection
	GlobalSection(SolutionProperties) = preSolution
		HideSolutionNode = FALSE
	EndGlobalSection
	GlobalSection(ExtensibilityGlobals) = postSolution
		SolutionGuid = {EEE5CA8D-1D1C-477B-9590-C9215565144D}
	EndGlobalSection
EndGlobal
